
Microsoft Visual Studio Solution File, Format Version 12.00
# Visual Studio Version 17
VisualStudioVersion = 17.11.35312.102
MinimumVisualStudioVersion = 10.0.40219.1
Project("{9A19103F-16F7-4668-BE54-9A1E7A4F7556}") = "FullstackBeatsBE", "FullstackBeatsBE.csproj", "{0DEB29E4-E032-470E-BE3A-FED8D35C6700}"
EndProject
Global
	GlobalSection(SolutionConfigurationPlatforms) = preSolution
		Debug|Any CPU = Debug|Any CPU
		Release|Any CPU = Release|Any CPU
	EndGlobalSection
	GlobalSection(ProjectConfigurationPlatforms) = postSolution
		{0DEB29E4-E032-470E-BE3A-FED8D35C6700}.Debug|Any CPU.ActiveCfg = Debug|Any CPU
		{0DEB29E4-E032-470E-BE3A-FED8D35C6700}.Debug|Any CPU.Build.0 = Debug|Any CPU
		{0DEB29E4-E032-470E-BE3A-FED8D35C6700}.Release|Any CPU.ActiveCfg = Release|Any CPU
		{0DEB29E4-E032-470E-BE3A-FED8D35C6700}.Release|Any CPU.Build.0 = Release|Any CPU
	EndGlobalSection
	GlobalSection(SolutionProperties) = preSolution
		HideSolutionNode = FALSE
	EndGlobalSection
	GlobalSection(ExtensibilityGlobals) = postSolution
		SolutionGuid = {0A749024-12A0-4592-8658-D08286128029}
	EndGlobalSection
EndGlobal
